github.com/dottics/dutil v0.0.0-20211102062956-544d4946a1a4 h1:+ZokYjMXSgEa7un/OOnTWeyd69S+nJZgDhE5+vUh+rU=
github.com/dottics/dutil v0.0.0-20211102062956-544d4946a1a4/go.mod h1:UqhesIdv+aHE5UbQKNTmN3lqg8hcZfuAW+IeP6lgNUY=
github.com/google/uuid v1.3.0/go.mod h1:TIyPZe4MgqvfeYDBFedMoGGpEw/LqOeaOT+nhxU+yHo=
github.com/johannesscr/micro v0.0.0-20220405070152-7e9bee1cafb1 h1:AXxePeM57C3dvxA+JWWqWudb/xOCR52B9KkTSHo0vjM=
github.com/johannesscr/micro v0.0.0-20220405070152-7e9bee1cafb1/go.mod h1:6iueg8ffr1CTH5sS30RKZvtYhY/3hXZRFAUGgiANUL4=
github.com/johannesscr/micro v0.2.0 h1:dBpelqfPzjMrV9V0AtUf57oIsERUAFC7ukiPQwE3ze4=
github.com/johannesscr/micro v0.2.0/go.mod h1:6iueg8ffr1CTH5sS30RKZvtYhY/3hXZRFAUGgiANUL4=
